github.com/gdm85/go-libdeluge v0.5.6 h1:tSAwrlOAhu9VAMuxGacK/DMSmLN6SjHHhcVtg76fFnY=
github.com/gdm85/go-libdeluge v0.5.6/go.mod h1:PATKp4wpfcubDL/uIWPSLcIFC0ear942OKvD3ZB4Vsk=
github.com/gdm85/go-rencode v0.1.8 h1:7+qxwoQWU1b1nMGcESOyoUR5dzPtRA6yLQpKn7uXmnI=
github.com/gdm85/go-rencode v0.1.8/go.mod h1:0dr3BuaKzeseY1of6o1KRTGB/Oo7eio+YEyz8KDp5+s=
